
Microsoft Visual Studio Solution File, Format Version 12.00
# Visual Studio Version 17
VisualStudioVersion = 17.10.35013.160
MinimumVisualStudioVersion = 10.0.40219.1
Project("{FAE04EC0-301F-11D3-BF4B-00C04F79EFBC}") = "BNBParty.contracts.csharp", "BNBParty.contracts.csharp.csproj", "{87F03DF8-1F52-44F0-A898-2C90A4F6AF9F}"
EndProject
Global
	GlobalSection(SolutionConfigurationPlatforms) = preSolution
		Debug|Any CPU = Debug|Any CPU
		Release|Any CPU = Release|Any CPU
	EndGlobalSection
	GlobalSection(ProjectConfigurationPlatforms) = postSolution
		{87F03DF8-1F52-44F0-A898-2C90A4F6AF9F}.Debug|Any CPU.ActiveCfg = Debug|Any CPU
		{87F03DF8-1F52-44F0-A898-2C90A4F6AF9F}.Debug|Any CPU.Build.0 = Debug|Any CPU
		{87F03DF8-1F52-44F0-A898-2C90A4F6AF9F}.Release|Any CPU.ActiveCfg = Release|Any CPU
		{87F03DF8-1F52-44F0-A898-2C90A4F6AF9F}.Release|Any CPU.Build.0 = Release|Any CPU
	EndGlobalSection
	GlobalSection(SolutionProperties) = preSolution
		HideSolutionNode = FALSE
	EndGlobalSection
	GlobalSection(ExtensibilityGlobals) = postSolution
		SolutionGuid = {576C6A06-AE8F-4677-8928-0DE2F3F511CC}
	EndGlobalSection
EndGlobal
